
Microsoft Visual Studio Solution File, Format Version 12.00
# Visual Studio Version 17
VisualStudioVersion = 17.14.36915.13
MinimumVisualStudioVersion = 10.0.40219.1
Project("{FAE04EC0-301F-11D3-BF4B-00C04F79EFBC}") = "Invoice", "WpfApp3\Invoice.csproj", "{39B003E5-1AB7-48F1-973B-67AC99FB2039}"
EndProject
Project("{2150E333-8FDC-42A3-9474-1A3956D46DE8}") = "Images", "Images", "{02EA681E-C7D8-13C7-8484-4AC65E1B71E8}"
	ProjectSection(SolutionItems) = preProject
		..\..\Task assessment\images\Example.PNG = ..\..\Task assessment\images\Example.PNG
		..\..\Task assessment\images\Invoice History.PNG = ..\..\Task assessment\images\Invoice History.PNG
		..\..\Task assessment\images\Main Window.PNG = ..\..\Task assessment\images\Main Window.PNG
	EndProjectSection
EndProject
Project("{2150E333-8FDC-42A3-9474-1A3956D46DE8}") = "Database Schema", "Database Schema", "{4BCDF708-2094-4B30-B1D8-05F69AB0BD2B}"
	ProjectSection(SolutionItems) = preProject
		..\..\Task assessment\InvoiceSchema.sql = ..\..\Task assessment\InvoiceSchema.sql
	EndProjectSection
EndProject
Global
	GlobalSection(SolutionConfigurationPlatforms) = preSolution
		Debug|Any CPU = Debug|Any CPU
		Release|Any CPU = Release|Any CPU
	EndGlobalSection
	GlobalSection(ProjectConfigurationPlatforms) = postSolution
		{39B003E5-1AB7-48F1-973B-67AC99FB2039}.Debug|Any CPU.ActiveCfg = Debug|Any CPU
		{39B003E5-1AB7-48F1-973B-67AC99FB2039}.Debug|Any CPU.Build.0 = Debug|Any CPU
		{39B003E5-1AB7-48F1-973B-67AC99FB2039}.Release|Any CPU.ActiveCfg = Release|Any CPU
		{39B003E5-1AB7-48F1-973B-67AC99FB2039}.Release|Any CPU.Build.0 = Release|Any CPU
	EndGlobalSection
	GlobalSection(SolutionProperties) = preSolution
		HideSolutionNode = FALSE
	EndGlobalSection
	GlobalSection(ExtensibilityGlobals) = postSolution
		SolutionGuid = {FB1403C6-6A60-464B-AB09-5B630170047C}
	EndGlobalSection
EndGlobal
